
Microsoft Visual Studio Solution File, Format Version 12.00
# Visual Studio Version 17
VisualStudioVersion = 17.3.32901.215
MinimumVisualStudioVersion = 10.0.40219.1
Project("{8BC9CEB8-8B4A-11D0-8D11-00A0C91BC942}") = "1K2SemLab9", "1K2SemLab9\1K2SemLab9.vcxproj", "{8C876394-ED40-4CAD-9359-73B2170D66DC}"
EndProject
Global
	GlobalSection(SolutionConfigurationPlatforms) = preSolution
		Debug|x64 = Debug|x64
		Debug|x86 = Debug|x86
		Release|x64 = Release|x64
		Release|x86 = Release|x86
	EndGlobalSection
	GlobalSection(ProjectConfigurationPlatforms) = postSolution
		{8C876394-ED40-4CAD-9359-73B2170D66DC}.Debug|x64.ActiveCfg = Debug|x64
		{8C876394-ED40-4CAD-9359-73B2170D66DC}.Debug|x64.Build.0 = Debug|x64
		{8C876394-ED40-4CAD-9359-73B2170D66DC}.Debug|x86.ActiveCfg = Debug|Win32
		{8C876394-ED40-4CAD-9359-73B2170D66DC}.Debug|x86.Build.0 = Debug|Win32
		{8C876394-ED40-4CAD-9359-73B2170D66DC}.Release|x64.ActiveCfg = Release|x64
		{8C876394-ED40-4CAD-9359-73B2170D66DC}.Release|x64.Build.0 = Release|x64
		{8C876394-ED40-4CAD-9359-73B2170D66DC}.Release|x86.ActiveCfg = Release|Win32
		{8C876394-ED40-4CAD-9359-73B2170D66DC}.Release|x86.Build.0 = Release|Win32
	EndGlobalSection
	GlobalSection(SolutionProperties) = preSolution
		HideSolutionNode = FALSE
	EndGlobalSection
	GlobalSection(ExtensibilityGlobals) = postSolution
		SolutionGuid = {53FD3F4B-BB88-4CA2-94E8-522DE8D01FD3}
	EndGlobalSection
EndGlobal
